
Microsoft Visual Studio Solution File, Format Version 12.00
# Visual Studio Version 17
VisualStudioVersion = 17.14.37111.16
MinimumVisualStudioVersion = 10.0.40219.1
Project("{FAE04EC0-301F-11D3-BF4B-00C04F79EFBC}") = "S02_Variables", "S02_Variables\S02_Variables.csproj", "{9E5BF7F0-7AAE-4A14-A279-A4A20AD0D6AB}"
EndProject
Project("{2150E333-8FDC-42A3-9474-1A3956D46DE8}") = "S02_Variables", "S02_Variables", "{02EA681E-C7D8-13C7-8484-4AC65E1B71E8}"
EndProject
Project("{2150E333-8FDC-42A3-9474-1A3956D46DE8}") = "S03_DecisionesYBucles", "S03_DecisionesYBucles", "{B13FD3E7-DDD2-471F-B697-887B13F25E45}"
EndProject
Project("{FAE04EC0-301F-11D3-BF4B-00C04F79EFBC}") = "e46_condicional-if", "e46_condicional-if\e46_condicional-if.csproj", "{915EAC1F-2072-4D38-8607-DADB99174551}"
EndProject
Project("{FAE04EC0-301F-11D3-BF4B-00C04F79EFBC}") = "e47_operador-ternario", "e47_operador-ternario\e47_operador-ternario.csproj", "{0FFD1D76-D0CC-4935-A5B0-5134A87C104B}"
EndProject
Project("{FAE04EC0-301F-11D3-BF4B-00C04F79EFBC}") = "e48_sentencia-switch", "e48_sentencia-switch\e48_sentencia-switch.csproj", "{CD190A2F-0242-4AB7-9CC8-FA2D705D85F2}"
EndProject
Project("{FAE04EC0-301F-11D3-BF4B-00C04F79EFBC}") = "e49_patrones-relacionales", "e49_patrones-relacionales\e49_patrones-relacionales.csproj", "{9A3B2BFE-D1EB-4975-803C-E3365C45C53A}"
EndProject
Project("{FAE04EC0-301F-11D3-BF4B-00C04F79EFBC}") = "e50_patrones-logicos", "e50_patrones-logicos\e50_patrones-logicos.csproj", "{CF5F456B-0AEE-4A7D-BD65-820F053067C3}"
EndProject
Project("{FAE04EC0-301F-11D3-BF4B-00C04F79EFBC}") = "e51_expresiones-switch-y-discard", "e51_expresiones-switch-y-discard\e51_expresiones-switch-y-discard.csproj", "{02E39114-ECB0-4910-9026-D2D7E2F0CB7B}"
EndProject
Project("{FAE04EC0-301F-11D3-BF4B-00C04F79EFBC}") = "e52_bucle-while", "e52_bucle-while\e52_bucle-while.csproj", "{4BD324B1-4C3D-49EB-81F7-C13BFBCB801F}"
EndProject
Project("{FAE04EC0-301F-11D3-BF4B-00C04F79EFBC}") = "e55_bucle-foreach", "e55_bucle-foreach\e55_bucle-foreach.csproj", "{C74E818B-DF4B-4BBF-B9A0-7BCE3A0FF894}"
EndProject
Project("{FAE04EC0-301F-11D3-BF4B-00C04F79EFBC}") = "e57_bucles-inifinitos", "e56_bucles-inifinitos\e57_bucles-inifinitos.csproj", "{EF355656-8FEE-4C35-AA1F-7DB5A9368FD1}"
EndProject
Project("{2150E333-8FDC-42A3-9474-1A3956D46DE8}") = "S04_MasAcercaDeTipos", "S04_MasAcercaDeTipos", "{261BB769-3671-48FC-82B7-5377DEBAD84C}"
EndProject
Project("{FAE04EC0-301F-11D3-BF4B-00C04F79EFBC}") = "e61_tostring", "e61_tostring\e61_tostring.csproj", "{11973D25-AFBB-49C6-9F5C-A1EC6B8B0A6F}"
EndProject
Project("{FAE04EC0-301F-11D3-BF4B-00C04F79EFBC}") = "e62_parse-y-tryparse", "e62_parse-y-tryparse\e62_parse-y-tryparse.csproj", "{56220442-061D-407A-8AFF-DEA1CD02B017}"
EndProject
Project("{FAE04EC0-301F-11D3-BF4B-00C04F79EFBC}") = "e63_casteo", "e63_casteo\e63_casteo.csproj", "{9FD24653-306D-4311-93BC-265DA24472E6}"
EndProject
Project("{FAE04EC0-301F-11D3-BF4B-00C04F79EFBC}") = "e64_enums", "e64_enums\e64_enums.csproj", "{B8724782-433D-4B0A-94BF-23E14BFE50CB}"
EndProject
Project("{FAE04EC0-301F-11D3-BF4B-00C04F79EFBC}") = "e65_introduccion-a-los-arreglos", "e65_introduccion-a-los-arreglos\e65_introduccion-a-los-arreglos.csproj", "{CE74475B-3276-44A3-820C-B68FA77F8927}"
EndProject
Project("{FAE04EC0-301F-11D3-BF4B-00C04F79EFBC}") = "E70_ManipulandoStrings", "E70_ManipulandoStrings\E70_ManipulandoStrings.csproj", "{AC4D2B5B-6D1D-47E4-933F-9124E6D59074}"
EndProject
Project("{2150E333-8FDC-42A3-9474-1A3956D46DE8}") = "S05_Funciones", "S05_Funciones", "{33FE3475-1099-437B-ABB7-F1A6FDAAE145}"
EndProject
Project("{FAE04EC0-301F-11D3-BF4B-00C04F79EFBC}") = "E74_DeclarandoFunciones", "E74_DeclarandoFunciones\E74_DeclarandoFunciones.csproj", "{5BCC1E1D-4DE6-4E5C-9805-835C2B338B3A}"
EndProject
Global
	GlobalSection(SolutionConfigurationPlatforms) = preSolution
		Debug|Any CPU = Debug|Any CPU
		Release|Any CPU = Release|Any CPU
	EndGlobalSection
	GlobalSection(ProjectConfigurationPlatforms) = postSolution
		{9E5BF7F0-7AAE-4A14-A279-A4A20AD0D6AB}.Debug|Any CPU.ActiveCfg = Debug|Any CPU
		{9E5BF7F0-7AAE-4A14-A279-A4A20AD0D6AB}.Debug|Any CPU.Build.0 = Debug|Any CPU
		{9E5BF7F0-7AAE-4A14-A279-A4A20AD0D6AB}.Release|Any CPU.ActiveCfg = Release|Any CPU
		{9E5BF7F0-7AAE-4A14-A279-A4A20AD0D6AB}.Release|Any CPU.Build.0 = Release|Any CPU
		{915EAC1F-2072-4D38-8607-DADB99174551}.Debug|Any CPU.ActiveCfg = Debug|Any CPU
		{915EAC1F-2072-4D38-8607-DADB99174551}.Debug|Any CPU.Build.0 = Debug|Any CPU
		{915EAC1F-2072-4D38-8607-DADB99174551}.Release|Any CPU.ActiveCfg = Release|Any CPU
		{915EAC1F-2072-4D38-8607-DADB99174551}.Release|Any CPU.Build.0 = Release|Any CPU
		{0FFD1D76-D0CC-4935-A5B0-5134A87C104B}.Debug|Any CPU.ActiveCfg = Debug|Any CPU
		{0FFD1D76-D0CC-4935-A5B0-5134A87C104B}.Debug|Any CPU.Build.0 = Debug|Any CPU
		{0FFD1D76-D0CC-4935-A5B0-5134A87C104B}.Release|Any CPU.ActiveCfg = Release|Any CPU
		{0FFD1D76-D0CC-4935-A5B0-5134A87C104B}.Release|Any CPU.Build.0 = Release|Any CPU
		{CD190A2F-0242-4AB7-9CC8-FA2D705D85F2}.Debug|Any CPU.ActiveCfg = Debug|Any CPU
		{CD190A2F-0242-4AB7-9CC8-FA2D705D85F2}.Debug|Any CPU.Build.0 = Debug|Any CPU
		{CD190A2F-0242-4AB7-9CC8-FA2D705D85F2}.Release|Any CPU.ActiveCfg = Release|Any CPU
		{CD190A2F-0242-4AB7-9CC8-FA2D705D85F2}.Release|Any CPU.Build.0 = Release|Any CPU
		{9A3B2BFE-D1EB-4975-803C-E3365C45C53A}.Debug|Any CPU.ActiveCfg = Debug|Any CPU
		{9A3B2BFE-D1EB-4975-803C-E3365C45C53A}.Debug|Any CPU.Build.0 = Debug|Any CPU
		{9A3B2BFE-D1EB-4975-803C-E3365C45C53A}.Release|Any CPU.ActiveCfg = Release|Any CPU
		{9A3B2BFE-D1EB-4975-803C-E3365C45C53A}.Release|Any CPU.Build.0 = Release|Any CPU
		{CF5F456B-0AEE-4A7D-BD65-820F053067C3}.Debug|Any CPU.ActiveCfg = Debug|Any CPU
		{CF5F456B-0AEE-4A7D-BD65-820F053067C3}.Debug|Any CPU.Build.0 = Debug|Any CPU
		{CF5F456B-0AEE-4A7D-BD65-820F053067C3}.Release|Any CPU.ActiveCfg = Release|Any CPU
		{CF5F456B-0AEE-4A7D-BD65-820F053067C3}.Release|Any CPU.Build.0 = Release|Any CPU
		{02E39114-ECB0-4910-9026-D2D7E2F0CB7B}.Debug|Any CPU.ActiveCfg = Debug|Any CPU
		{02E39114-ECB0-4910-9026-D2D7E2F0CB7B}.Debug|Any CPU.Build.0 = Debug|Any CPU
		{02E39114-ECB0-4910-9026-D2D7E2F0CB7B}.Release|Any CPU.ActiveCfg = Release|Any CPU
		{02E39114-ECB0-4910-9026-D2D7E2F0CB7B}.Release|Any CPU.Build.0 = Release|Any CPU
		{4BD324B1-4C3D-49EB-81F7-C13BFBCB801F}.Debug|Any CPU.ActiveCfg = Debug|Any CPU
		{4BD324B1-4C3D-49EB-81F7-C13BFBCB801F}.Debug|Any CPU.Build.0 = Debug|Any CPU
		{4BD324B1-4C3D-49EB-81F7-C13BFBCB801F}.Release|Any CPU.ActiveCfg = Release|Any CPU
		{4BD324B1-4C3D-49EB-81F7-C13BFBCB801F}.Release|Any CPU.Build.0 = Release|Any CPU
		{C74E818B-DF4B-4BBF-B9A0-7BCE3A0FF894}.Debug|Any CPU.ActiveCfg = Debug|Any CPU
		{C74E818B-DF4B-4BBF-B9A0-7BCE3A0FF894}.Debug|Any CPU.Build.0 = Debug|Any CPU
		{C74E818B-DF4B-4BBF-B9A0-7BCE3A0FF894}.Release|Any CPU.ActiveCfg = Release|Any CPU
		{C74E818B-DF4B-4BBF-B9A0-7BCE3A0FF894}.Release|Any CPU.Build.0 = Release|Any CPU
		{EF355656-8FEE-4C35-AA1F-7DB5A9368FD1}.Debug|Any CPU.ActiveCfg = Debug|Any CPU
		{EF355656-8FEE-4C35-AA1F-7DB5A9368FD1}.Debug|Any CPU.Build.0 = Debug|Any CPU
		{EF355656-8FEE-4C35-AA1F-7DB5A9368FD1}.Release|Any CPU.ActiveCfg = Release|Any CPU
		{EF355656-8FEE-4C35-AA1F-7DB5A9368FD1}.Release|Any CPU.Build.0 = Release|Any CPU
		{11973D25-AFBB-49C6-9F5C-A1EC6B8B0A6F}.Debug|Any CPU.ActiveCfg = Debug|Any CPU
		{11973D25-AFBB-49C6-9F5C-A1EC6B8B0A6F}.Debug|Any CPU.Build.0 = Debug|Any CPU
		{11973D25-AFBB-49C6-9F5C-A1EC6B8B0A6F}.Release|Any CPU.ActiveCfg = Release|Any CPU
		{11973D25-AFBB-49C6-9F5C-A1EC6B8B0A6F}.Release|Any CPU.Build.0 = Release|Any CPU
		{56220442-061D-407A-8AFF-DEA1CD02B017}.Debug|Any CPU.ActiveCfg = Debug|Any CPU
		{56220442-061D-407A-8AFF-DEA1CD02B017}.Debug|Any CPU.Build.0 = Debug|Any CPU
		{56220442-061D-407A-8AFF-DEA1CD02B017}.Release|Any CPU.ActiveCfg = Release|Any CPU
		{56220442-061D-407A-8AFF-DEA1CD02B017}.Release|Any CPU.Build.0 = Release|Any CPU
		{9FD24653-306D-4311-93BC-265DA24472E6}.Debug|Any CPU.ActiveCfg = Debug|Any CPU
		{9FD24653-306D-4311-93BC-265DA24472E6}.Debug|Any CPU.Build.0 = Debug|Any CPU
		{9FD24653-306D-4311-93BC-265DA24472E6}.Release|Any CPU.ActiveCfg = Release|Any CPU
		{9FD24653-306D-4311-93BC-265DA24472E6}.Release|Any CPU.Build.0 = Release|Any CPU
		{B8724782-433D-4B0A-94BF-23E14BFE50CB}.Debug|Any CPU.ActiveCfg = Debug|Any CPU
		{B8724782-433D-4B0A-94BF-23E14BFE50CB}.Debug|Any CPU.Build.0 = Debug|Any CPU
		{B8724782-433D-4B0A-94BF-23E14BFE50CB}.Release|Any CPU.ActiveCfg = Release|Any CPU
		{B8724782-433D-4B0A-94BF-23E14BFE50CB}.Release|Any CPU.Build.0 = Release|Any CPU
		{CE74475B-3276-44A3-820C-B68FA77F8927}.Debug|Any CPU.ActiveCfg = Debug|Any CPU
		{CE74475B-3276-44A3-820C-B68FA77F8927}.Debug|Any CPU.Build.0 = Debug|Any CPU
		{CE74475B-3276-44A3-820C-B68FA77F8927}.Release|Any CPU.ActiveCfg = Release|Any CPU
		{CE74475B-3276-44A3-820C-B68FA77F8927}.Release|Any CPU.Build.0 = Release|Any CPU
		{AC4D2B5B-6D1D-47E4-933F-9124E6D59074}.Debug|Any CPU.ActiveCfg = Debug|Any CPU
		{AC4D2B5B-6D1D-47E4-933F-9124E6D59074}.Debug|Any CPU.Build.0 = Debug|Any CPU
		{AC4D2B5B-6D1D-47E4-933F-9124E6D59074}.Release|Any CPU.ActiveCfg = Release|Any CPU
		{AC4D2B5B-6D1D-47E4-933F-9124E6D59074}.Release|Any CPU.Build.0 = Release|Any CPU
		{5BCC1E1D-4DE6-4E5C-9805-835C2B338B3A}.Debug|Any CPU.ActiveCfg = Debug|Any CPU
		{5BCC1E1D-4DE6-4E5C-9805-835C2B338B3A}.Debug|Any CPU.Build.0 = Debug|Any CPU
		{5BCC1E1D-4DE6-4E5C-9805-835C2B338B3A}.Release|Any CPU.ActiveCfg = Release|Any CPU
		{5BCC1E1D-4DE6-4E5C-9805-835C2B338B3A}.Release|Any CPU.Build.0 = Release|Any CPU
	EndGlobalSection
	GlobalSection(SolutionProperties) = preSolution
		HideSolutionNode = FALSE
	EndGlobalSection
	GlobalSection(NestedProjects) = preSolution
		{9E5BF7F0-7AAE-4A14-A279-A4A20AD0D6AB} = {02EA681E-C7D8-13C7-8484-4AC65E1B71E8}
		{915EAC1F-2072-4D38-8607-DADB99174551} = {B13FD3E7-DDD2-471F-B697-887B13F25E45}
		{0FFD1D76-D0CC-4935-A5B0-5134A87C104B} = {B13FD3E7-DDD2-471F-B697-887B13F25E45}
		{CD190A2F-0242-4AB7-9CC8-FA2D705D85F2} = {B13FD3E7-DDD2-471F-B697-887B13F25E45}
		{9A3B2BFE-D1EB-4975-803C-E3365C45C53A} = {B13FD3E7-DDD2-471F-B697-887B13F25E45}
		{CF5F456B-0AEE-4A7D-BD65-820F053067C3} = {B13FD3E7-DDD2-471F-B697-887B13F25E45}
		{02E39114-ECB0-4910-9026-D2D7E2F0CB7B} = {B13FD3E7-DDD2-471F-B697-887B13F25E45}
		{4BD324B1-4C3D-49EB-81F7-C13BFBCB801F} = {B13FD3E7-DDD2-471F-B697-887B13F25E45}
		{C74E818B-DF4B-4BBF-B9A0-7BCE3A0FF894} = {B13FD3E7-DDD2-471F-B697-887B13F25E45}
		{EF355656-8FEE-4C35-AA1F-7DB5A9368FD1} = {B13FD3E7-DDD2-471F-B697-887B13F25E45}
		{11973D25-AFBB-49C6-9F5C-A1EC6B8B0A6F} = {261BB769-3671-48FC-82B7-5377DEBAD84C}
		{56220442-061D-407A-8AFF-DEA1CD02B017} = {261BB769-3671-48FC-82B7-5377DEBAD84C}
		{9FD24653-306D-4311-93BC-265DA24472E6} = {261BB769-3671-48FC-82B7-5377DEBAD84C}
		{B8724782-433D-4B0A-94BF-23E14BFE50CB} = {261BB769-3671-48FC-82B7-5377DEBAD84C}
		{CE74475B-3276-44A3-820C-B68FA77F8927} = {261BB769-3671-48FC-82B7-5377DEBAD84C}
		{AC4D2B5B-6D1D-47E4-933F-9124E6D59074} = {261BB769-3671-48FC-82B7-5377DEBAD84C}
		{5BCC1E1D-4DE6-4E5C-9805-835C2B338B3A} = {33FE3475-1099-437B-ABB7-F1A6FDAAE145}
	EndGlobalSection
	GlobalSection(ExtensibilityGlobals) = postSolution
		SolutionGuid = {791A2662-0436-411F-9052-A8B80227268E}
	EndGlobalSection
EndGlobal
