
Microsoft Visual Studio Solution File, Format Version 12.00
# Visual Studio Version 17
VisualStudioVersion = 17.14.37111.16
MinimumVisualStudioVersion = 10.0.40219.1
Project("{FAE04EC0-301F-11D3-BF4B-00C04F79EFBC}") = "E03_MayorOMenor", "E03_MayorOMenor\E03_MayorOMenor.csproj", "{F7E7C884-AED9-44AC-9A30-070590CA80BD}"
EndProject
Project("{FAE04EC0-301F-11D3-BF4B-00C04F79EFBC}") = "E01_AreaCirculo", "E01_AreaCirculo\E01_AreaCirculo.csproj", "{B00163FD-29E4-4057-A1FF-EF40FCBCF114}"
EndProject
Project("{FAE04EC0-301F-11D3-BF4B-00C04F79EFBC}") = "E02_PositivoONegativo", "E02_PositivoONegativo\E02_PositivoONegativo.csproj", "{77A3A905-E39A-4FE9-9EFE-9D56E7D48E94}"
EndProject
Project("{FAE04EC0-301F-11D3-BF4B-00C04F79EFBC}") = "04_ParOImpar", "04_ParOImpar\04_ParOImpar.csproj", "{A39DCEF2-9677-446D-9531-B5D0C4F4E4D7}"
EndProject
Global
	GlobalSection(SolutionConfigurationPlatforms) = preSolution
		Debug|Any CPU = Debug|Any CPU
		Release|Any CPU = Release|Any CPU
	EndGlobalSection
	GlobalSection(ProjectConfigurationPlatforms) = postSolution
		{F7E7C884-AED9-44AC-9A30-070590CA80BD}.Debug|Any CPU.ActiveCfg = Debug|Any CPU
		{F7E7C884-AED9-44AC-9A30-070590CA80BD}.Debug|Any CPU.Build.0 = Debug|Any CPU
		{F7E7C884-AED9-44AC-9A30-070590CA80BD}.Release|Any CPU.ActiveCfg = Release|Any CPU
		{F7E7C884-AED9-44AC-9A30-070590CA80BD}.Release|Any CPU.Build.0 = Release|Any CPU
		{B00163FD-29E4-4057-A1FF-EF40FCBCF114}.Debug|Any CPU.ActiveCfg = Debug|Any CPU
		{B00163FD-29E4-4057-A1FF-EF40FCBCF114}.Debug|Any CPU.Build.0 = Debug|Any CPU
		{B00163FD-29E4-4057-A1FF-EF40FCBCF114}.Release|Any CPU.ActiveCfg = Release|Any CPU
		{B00163FD-29E4-4057-A1FF-EF40FCBCF114}.Release|Any CPU.Build.0 = Release|Any CPU
		{77A3A905-E39A-4FE9-9EFE-9D56E7D48E94}.Debug|Any CPU.ActiveCfg = Debug|Any CPU
		{77A3A905-E39A-4FE9-9EFE-9D56E7D48E94}.Debug|Any CPU.Build.0 = Debug|Any CPU
		{77A3A905-E39A-4FE9-9EFE-9D56E7D48E94}.Release|Any CPU.ActiveCfg = Release|Any CPU
		{77A3A905-E39A-4FE9-9EFE-9D56E7D48E94}.Release|Any CPU.Build.0 = Release|Any CPU
		{A39DCEF2-9677-446D-9531-B5D0C4F4E4D7}.Debug|Any CPU.ActiveCfg = Debug|Any CPU
		{A39DCEF2-9677-446D-9531-B5D0C4F4E4D7}.Debug|Any CPU.Build.0 = Debug|Any CPU
		{A39DCEF2-9677-446D-9531-B5D0C4F4E4D7}.Release|Any CPU.ActiveCfg = Release|Any CPU
		{A39DCEF2-9677-446D-9531-B5D0C4F4E4D7}.Release|Any CPU.Build.0 = Release|Any CPU
	EndGlobalSection
	GlobalSection(SolutionProperties) = preSolution
		HideSolutionNode = FALSE
	EndGlobalSection
	GlobalSection(ExtensibilityGlobals) = postSolution
		SolutionGuid = {C9417931-712A-424E-BBE1-4C9890B29732}
	EndGlobalSection
EndGlobal
