
Microsoft Visual Studio Solution File, Format Version 12.00
# SQL Server Management Studio Version 21
VisualStudioVersion = 17.14.36429.23
MinimumVisualStudioVersion = 10.0.40219.1
Project("{2150E333-8FDC-42A3-9474-1A3956D46DE8}") = "Elementos de la solución", "Elementos de la solución", "{D107F4C8-89CC-BEA8-D3D7-CA6B7733353D}"
	ProjectSection(SolutionItems) = preProject
		04_DT_1_Clientes.sql = 04_DT_1_Clientes.sql
		04_DT_2_Producto_TipoComprobante.sql = 04_DT_2_Producto_TipoComprobante.sql
		EstructurasDeControl.sql = EstructurasDeControl.sql
		04_DT_3_Comprobante.sql = 04_DT_3_Comprobante.sql
		QueriesDeCreacion.sql = QueriesDeCreacion.sql
		__tmp__.sql = __tmp__.sql
	EndProjectSection
EndProject
Global
	GlobalSection(SolutionConfigurationPlatforms) = preSolution
		Default|Default = Default|Default
	EndGlobalSection
	GlobalSection(ProjectConfigurationPlatforms) = postSolution
		{170555A2-7D86-4265-B114-4D37D2381A9A}.Default|Default.ActiveCfg = Default
	EndGlobalSection
	GlobalSection(SolutionProperties) = preSolution
		HideSolutionNode = FALSE
	EndGlobalSection
	GlobalSection(ExtensibilityGlobals) = postSolution
		SolutionGuid = {F1492933-D888-4351-8548-91423B3BAF67}
	EndGlobalSection
EndGlobal
