
Microsoft Visual Studio Solution File, Format Version 12.00
# SQL Server Management Studio Version 21
VisualStudioVersion = 17.14.36429.23 d17.14
MinimumVisualStudioVersion = 10.0.40219.1
Project("{4F2E2C19-372F-40D8-9FA7-9D2138C6997A}") = "CIC_SQLServerMaster", "CIC_SQLServerMaster.ssmssqlproj", "{D6E7FE84-1BCF-0379-155D-14D06E7B4F86}"
EndProject
Global
	GlobalSection(SolutionConfigurationPlatforms) = preSolution
		Default|Default = Default|Default
	EndGlobalSection
	GlobalSection(ProjectConfigurationPlatforms) = postSolution
		{D6E7FE84-1BCF-0379-155D-14D06E7B4F86}.Default|Default.ActiveCfg = Default
		{176F3E32-FE22-4434-95E7-4159F05B9E6D}.Default|Default.ActiveCfg = Default
	EndGlobalSection
	GlobalSection(SolutionProperties) = preSolution
		HideSolutionNode = FALSE
	EndGlobalSection
	GlobalSection(ExtensibilityGlobals) = postSolution
		SolutionGuid = {709BABB7-01BF-4EC1-B8F6-396B37B9E5D0}
	EndGlobalSection
EndGlobal
